{
  "name": "diep",
  "lockfileVersion": 2,
  "requires": true,
  "type": "module",
  "packages": {
    "": {
      "dependencies": {
        "neataptic": "^1.4.7"
      }
    },
    "node_modules/neataptic": {
      "version": "1.4.7",
      "resolved": "https://registry.npmjs.org/neataptic/-/neataptic-1.4.7.tgz",
      "integrity": "sha512-nnCkg5QitBYXRB6MpJEhGwqDp/oIaD8RthXb8VmpYYxA8XGdMyATwOEuDFgBGlvmR8hNEzYy6E/a6LT6HngSCQ==",
      "engines": {
        "node": ">=7.6"
      }
    }
  },
  "dependencies": {
    "neataptic": {
      "version": "1.4.7",
      "resolved": "https://registry.npmjs.org/neataptic/-/neataptic-1.4.7.tgz",
      "integrity": "sha512-nnCkg5QitBYXRB6MpJEhGwqDp/oIaD8RthXb8VmpYYxA8XGdMyATwOEuDFgBGlvmR8hNEzYy6E/a6LT6HngSCQ=="
    }
  }
}
